
Microsoft Visual Studio Solution File, Format Version 12.00
# Visual Studio Version 17
VisualStudioVersion = 17.4.33110.190
MinimumVisualStudioVersion = 10.0.40219.1
Project("{FAE04EC0-301F-11D3-BF4B-00C04F79EFBC}") = "1_StringManipulator", "FinalExam\1_StringManipulator.csproj", "{54EDA45F-7F9C-4973-84D3-40BBE64C53C1}"
EndProject
Project("{FAE04EC0-301F-11D3-BF4B-00C04F79EFBC}") = "2_EncryptingPassword", "2_Name\2_EncryptingPassword.csproj", "{73200073-05E9-4DD8-A86F-438722705C14}"
EndProject
Project("{FAE04EC0-301F-11D3-BF4B-00C04F79EFBC}") = "3_WildZoo", "3_Name\3_WildZoo.csproj", "{EC0C9FDD-C31F-4B0A-B79A-6DD78BE8AB0A}"
EndProject
Global
	GlobalSection(SolutionConfigurationPlatforms) = preSolution
		Debug|Any CPU = Debug|Any CPU
		Release|Any CPU = Release|Any CPU
	EndGlobalSection
	GlobalSection(ProjectConfigurationPlatforms) = postSolution
		{54EDA45F-7F9C-4973-84D3-40BBE64C53C1}.Debug|Any CPU.ActiveCfg = Debug|Any CPU
		{54EDA45F-7F9C-4973-84D3-40BBE64C53C1}.Debug|Any CPU.Build.0 = Debug|Any CPU
		{54EDA45F-7F9C-4973-84D3-40BBE64C53C1}.Release|Any CPU.ActiveCfg = Release|Any CPU
		{54EDA45F-7F9C-4973-84D3-40BBE64C53C1}.Release|Any CPU.Build.0 = Release|Any CPU
		{73200073-05E9-4DD8-A86F-438722705C14}.Debug|Any CPU.ActiveCfg = Debug|Any CPU
		{73200073-05E9-4DD8-A86F-438722705C14}.Debug|Any CPU.Build.0 = Debug|Any CPU
		{73200073-05E9-4DD8-A86F-438722705C14}.Release|Any CPU.ActiveCfg = Release|Any CPU
		{73200073-05E9-4DD8-A86F-438722705C14}.Release|Any CPU.Build.0 = Release|Any CPU
		{EC0C9FDD-C31F-4B0A-B79A-6DD78BE8AB0A}.Debug|Any CPU.ActiveCfg = Debug|Any CPU
		{EC0C9FDD-C31F-4B0A-B79A-6DD78BE8AB0A}.Debug|Any CPU.Build.0 = Debug|Any CPU
		{EC0C9FDD-C31F-4B0A-B79A-6DD78BE8AB0A}.Release|Any CPU.ActiveCfg = Release|Any CPU
		{EC0C9FDD-C31F-4B0A-B79A-6DD78BE8AB0A}.Release|Any CPU.Build.0 = Release|Any CPU
	EndGlobalSection
	GlobalSection(SolutionProperties) = preSolution
		HideSolutionNode = FALSE
	EndGlobalSection
	GlobalSection(ExtensibilityGlobals) = postSolution
		SolutionGuid = {AE5E5513-AD0E-4CE4-9C72-E3729ACCEF6C}
	EndGlobalSection
EndGlobal
