
Microsoft Visual Studio Solution File, Format Version 12.00
# Visual Studio Version 17
VisualStudioVersion = 17.3.32922.545
MinimumVisualStudioVersion = 10.0.40219.1
Project("{9A19103F-16F7-4668-BE54-9A1E7A4F7556}") = "1Train", "1Train\1Train.csproj", "{FC3A7E0C-952A-4C58-8F88-B3694A9E1681}"
EndProject
Project("{9A19103F-16F7-4668-BE54-9A1E7A4F7556}") = "2ChangeList", "2ChangeList\2ChangeList.csproj", "{7E03DFEC-49AC-425F-A1FE-BFBEFFEBDF97}"
EndProject
Project("{9A19103F-16F7-4668-BE54-9A1E7A4F7556}") = "3HouseParty", "3HouseParty\3HouseParty.csproj", "{3188BBFC-E98F-43FA-8349-AF27722D5A0B}"
EndProject
Project("{9A19103F-16F7-4668-BE54-9A1E7A4F7556}") = "4ListOperations", "4ListOperations\4ListOperations.csproj", "{FCE8D49E-46DF-436C-8D2A-37EA0049E4BD}"
EndProject
Project("{9A19103F-16F7-4668-BE54-9A1E7A4F7556}") = "5BombNumbers", "5BombNumbers\5BombNumbers.csproj", "{EFFA55E4-E38C-4B5A-8BA9-B98338FDB14B}"
EndProject
Project("{FAE04EC0-301F-11D3-BF4B-00C04F79EFBC}") = "6CardsGame", "6CardsGame\6CardsGame.csproj", "{B9A75EFD-C455-4AC9-93CD-E0968D92A9E4}"
EndProject
Project("{FAE04EC0-301F-11D3-BF4B-00C04F79EFBC}") = "7AppendArrays", "7AppendArrays\7AppendArrays.csproj", "{A4184B12-72B0-4923-B257-1800DCEA3BF3}"
EndProject
Global
	GlobalSection(SolutionConfigurationPlatforms) = preSolution
		Debug|Any CPU = Debug|Any CPU
		Release|Any CPU = Release|Any CPU
	EndGlobalSection
	GlobalSection(ProjectConfigurationPlatforms) = postSolution
		{FC3A7E0C-952A-4C58-8F88-B3694A9E1681}.Debug|Any CPU.ActiveCfg = Debug|Any CPU
		{FC3A7E0C-952A-4C58-8F88-B3694A9E1681}.Debug|Any CPU.Build.0 = Debug|Any CPU
		{FC3A7E0C-952A-4C58-8F88-B3694A9E1681}.Release|Any CPU.ActiveCfg = Release|Any CPU
		{FC3A7E0C-952A-4C58-8F88-B3694A9E1681}.Release|Any CPU.Build.0 = Release|Any CPU
		{7E03DFEC-49AC-425F-A1FE-BFBEFFEBDF97}.Debug|Any CPU.ActiveCfg = Debug|Any CPU
		{7E03DFEC-49AC-425F-A1FE-BFBEFFEBDF97}.Debug|Any CPU.Build.0 = Debug|Any CPU
		{7E03DFEC-49AC-425F-A1FE-BFBEFFEBDF97}.Release|Any CPU.ActiveCfg = Release|Any CPU
		{7E03DFEC-49AC-425F-A1FE-BFBEFFEBDF97}.Release|Any CPU.Build.0 = Release|Any CPU
		{3188BBFC-E98F-43FA-8349-AF27722D5A0B}.Debug|Any CPU.ActiveCfg = Debug|Any CPU
		{3188BBFC-E98F-43FA-8349-AF27722D5A0B}.Debug|Any CPU.Build.0 = Debug|Any CPU
		{3188BBFC-E98F-43FA-8349-AF27722D5A0B}.Release|Any CPU.ActiveCfg = Release|Any CPU
		{3188BBFC-E98F-43FA-8349-AF27722D5A0B}.Release|Any CPU.Build.0 = Release|Any CPU
		{FCE8D49E-46DF-436C-8D2A-37EA0049E4BD}.Debug|Any CPU.ActiveCfg = Debug|Any CPU
		{FCE8D49E-46DF-436C-8D2A-37EA0049E4BD}.Debug|Any CPU.Build.0 = Debug|Any CPU
		{FCE8D49E-46DF-436C-8D2A-37EA0049E4BD}.Release|Any CPU.ActiveCfg = Release|Any CPU
		{FCE8D49E-46DF-436C-8D2A-37EA0049E4BD}.Release|Any CPU.Build.0 = Release|Any CPU
		{EFFA55E4-E38C-4B5A-8BA9-B98338FDB14B}.Debug|Any CPU.ActiveCfg = Debug|Any CPU
		{EFFA55E4-E38C-4B5A-8BA9-B98338FDB14B}.Debug|Any CPU.Build.0 = Debug|Any CPU
		{EFFA55E4-E38C-4B5A-8BA9-B98338FDB14B}.Release|Any CPU.ActiveCfg = Release|Any CPU
		{EFFA55E4-E38C-4B5A-8BA9-B98338FDB14B}.Release|Any CPU.Build.0 = Release|Any CPU
		{B9A75EFD-C455-4AC9-93CD-E0968D92A9E4}.Debug|Any CPU.ActiveCfg = Debug|Any CPU
		{B9A75EFD-C455-4AC9-93CD-E0968D92A9E4}.Debug|Any CPU.Build.0 = Debug|Any CPU
		{B9A75EFD-C455-4AC9-93CD-E0968D92A9E4}.Release|Any CPU.ActiveCfg = Release|Any CPU
		{B9A75EFD-C455-4AC9-93CD-E0968D92A9E4}.Release|Any CPU.Build.0 = Release|Any CPU
		{A4184B12-72B0-4923-B257-1800DCEA3BF3}.Debug|Any CPU.ActiveCfg = Debug|Any CPU
		{A4184B12-72B0-4923-B257-1800DCEA3BF3}.Debug|Any CPU.Build.0 = Debug|Any CPU
		{A4184B12-72B0-4923-B257-1800DCEA3BF3}.Release|Any CPU.ActiveCfg = Release|Any CPU
		{A4184B12-72B0-4923-B257-1800DCEA3BF3}.Release|Any CPU.Build.0 = Release|Any CPU
	EndGlobalSection
	GlobalSection(SolutionProperties) = preSolution
		HideSolutionNode = FALSE
	EndGlobalSection
	GlobalSection(ExtensibilityGlobals) = postSolution
		SolutionGuid = {78EE05D8-C62C-4A11-8A5C-78670496D349}
	EndGlobalSection
EndGlobal
