
Microsoft Visual Studio Solution File, Format Version 12.00
# Visual Studio Version 17
VisualStudioVersion = 17.3.32929.385
MinimumVisualStudioVersion = 10.0.40219.1
Project("{FAE04EC0-301F-11D3-BF4B-00C04F79EFBC}") = "LabObjectsAndClasses", "LabObjectsAndClasses\LabObjectsAndClasses.csproj", "{87AEA5A0-CBBC-477F-86A4-43F34DE17522}"
EndProject
Global
	GlobalSection(SolutionConfigurationPlatforms) = preSolution
		Debug|Any CPU = Debug|Any CPU
		Release|Any CPU = Release|Any CPU
	EndGlobalSection
	GlobalSection(ProjectConfigurationPlatforms) = postSolution
		{87AEA5A0-CBBC-477F-86A4-43F34DE17522}.Debug|Any CPU.ActiveCfg = Debug|Any CPU
		{87AEA5A0-CBBC-477F-86A4-43F34DE17522}.Debug|Any CPU.Build.0 = Debug|Any CPU
		{87AEA5A0-CBBC-477F-86A4-43F34DE17522}.Release|Any CPU.ActiveCfg = Release|Any CPU
		{87AEA5A0-CBBC-477F-86A4-43F34DE17522}.Release|Any CPU.Build.0 = Release|Any CPU
	EndGlobalSection
	GlobalSection(SolutionProperties) = preSolution
		HideSolutionNode = FALSE
	EndGlobalSection
	GlobalSection(ExtensibilityGlobals) = postSolution
		SolutionGuid = {F8F146EF-3DD0-4AE6-9C5E-5F0FE1FBFF6B}
	EndGlobalSection
EndGlobal
