
Microsoft Visual Studio Solution File, Format Version 12.00
# Visual Studio Version 17
VisualStudioVersion = 17.3.32929.385
MinimumVisualStudioVersion = 10.0.40219.1
Project("{9A19103F-16F7-4668-BE54-9A1E7A4F7556}") = "01_01ImitationGame", "FinalExamPrep\01_01ImitationGame.csproj", "{0288F911-88F6-4DC3-ABC3-67A6DC833854}"
EndProject
Project("{9A19103F-16F7-4668-BE54-9A1E7A4F7556}") = "01_02AdAstra", "01_02AdAstra\01_02AdAstra.csproj", "{108D3FBE-85AD-4187-A17B-B66943CC9AA7}"
EndProject
Project("{9A19103F-16F7-4668-BE54-9A1E7A4F7556}") = "01_03ThePianist", "01_03ThePianist\01_03ThePianist.csproj", "{A9D84932-FF8B-4753-891C-0C74F24AAA4F}"
EndProject
Project("{9A19103F-16F7-4668-BE54-9A1E7A4F7556}") = "02_01WorldTour", "02_01WorldTour\02_01WorldTour.csproj", "{68271D89-BFF7-4BDF-8FED-4413C2446D11}"
EndProject
Project("{2150E333-8FDC-42A3-9474-1A3956D46DE8}") = "01", "01", "{5C36FC28-434B-4AE3-8DFF-31129CF4CD58}"
EndProject
Project("{2150E333-8FDC-42A3-9474-1A3956D46DE8}") = "02", "02", "{3535A503-24E1-4B57-851A-B00C38199C17}"
EndProject
Project("{9A19103F-16F7-4668-BE54-9A1E7A4F7556}") = "02_02DestinationMapper", "02_02DestinationMapper\02_02DestinationMapper.csproj", "{85E22B82-A72B-42BA-935F-EAC01AE70E23}"
EndProject
Project("{9A19103F-16F7-4668-BE54-9A1E7A4F7556}") = "02_03PlantDiscovery", "02_03PlantDiscovery\02_03PlantDiscovery.csproj", "{CA2F1511-8221-4D96-A220-C02A38C8ED98}"
EndProject
Project("{2150E333-8FDC-42A3-9474-1A3956D46DE8}") = "03", "03", "{FB078F5E-5D1D-4A53-B084-96F4A29A8164}"
EndProject
Project("{9A19103F-16F7-4668-BE54-9A1E7A4F7556}") = "03_01SecretChat", "03_01SecretChat\03_01SecretChat.csproj", "{DC618002-30DB-4ADC-914D-30EE14C21902}"
EndProject
Project("{9A19103F-16F7-4668-BE54-9A1E7A4F7556}") = "03_02MirrorWorlds", "03_02MirrorWorlds\03_02MirrorWorlds.csproj", "{47E1D64F-F983-42FA-A7A8-033C5EBC6ED2}"
EndProject
Project("{9A19103F-16F7-4668-BE54-9A1E7A4F7556}") = "03_03NeedForSpeedIII", "03_03NeedForSpeedIII\03_03NeedForSpeedIII.csproj", "{5928EFD5-53FC-4C03-ACA6-6C80B5437A1D}"
EndProject
Project("{2150E333-8FDC-42A3-9474-1A3956D46DE8}") = "04", "04", "{89C14636-0D3B-4520-B227-CFB5A8CB6B1A}"
EndProject
Project("{FAE04EC0-301F-11D3-BF4B-00C04F79EFBC}") = "04_01PasswordReset", "04_01PasswordReset\04_01PasswordReset.csproj", "{ABC7F545-72DA-4A2C-8841-022AF3505946}"
EndProject
Project("{FAE04EC0-301F-11D3-BF4B-00C04F79EFBC}") = "04_02FancyBarcodes", "04_02FancyBarcodes\04_02FancyBarcodes.csproj", "{0E4CAB9E-CD1C-4504-9AD5-61EEF9AC7130}"
EndProject
Project("{FAE04EC0-301F-11D3-BF4B-00C04F79EFBC}") = "04_03HeroesOfCodeAndLogicVII", "04_03HeroesOfCodeAndLogicVII\04_03HeroesOfCodeAndLogicVII.csproj", "{F2C082DA-B30D-460F-96CB-31D77D8EA69C}"
EndProject
Project("{2150E333-8FDC-42A3-9474-1A3956D46DE8}") = "05", "05", "{4F529ECE-D9EE-49B3-95EC-1370A1143AA9}"
EndProject
Project("{FAE04EC0-301F-11D3-BF4B-00C04F79EFBC}") = "05_01ActivationKeys", "05_01ActivationKeys\05_01ActivationKeys.csproj", "{B7BF6477-8EF9-442E-90E3-61BCABC25D37}"
EndProject
Project("{FAE04EC0-301F-11D3-BF4B-00C04F79EFBC}") = "05_02EmojiDetector", "05_02EmojiDetector\05_02EmojiDetector.csproj", "{A193EEDB-4396-4B4A-AC30-F85FD3FD86F6}"
EndProject
Project("{FAE04EC0-301F-11D3-BF4B-00C04F79EFBC}") = "05_03P!rates", "05_03P!rates\05_03P!rates.csproj", "{D00FEECD-E273-4F26-8CC2-9264A3B253E6}"
EndProject
Global
	GlobalSection(SolutionConfigurationPlatforms) = preSolution
		Debug|Any CPU = Debug|Any CPU
		Release|Any CPU = Release|Any CPU
	EndGlobalSection
	GlobalSection(ProjectConfigurationPlatforms) = postSolution
		{0288F911-88F6-4DC3-ABC3-67A6DC833854}.Debug|Any CPU.ActiveCfg = Debug|Any CPU
		{0288F911-88F6-4DC3-ABC3-67A6DC833854}.Debug|Any CPU.Build.0 = Debug|Any CPU
		{0288F911-88F6-4DC3-ABC3-67A6DC833854}.Release|Any CPU.ActiveCfg = Release|Any CPU
		{0288F911-88F6-4DC3-ABC3-67A6DC833854}.Release|Any CPU.Build.0 = Release|Any CPU
		{108D3FBE-85AD-4187-A17B-B66943CC9AA7}.Debug|Any CPU.ActiveCfg = Debug|Any CPU
		{108D3FBE-85AD-4187-A17B-B66943CC9AA7}.Debug|Any CPU.Build.0 = Debug|Any CPU
		{108D3FBE-85AD-4187-A17B-B66943CC9AA7}.Release|Any CPU.ActiveCfg = Release|Any CPU
		{108D3FBE-85AD-4187-A17B-B66943CC9AA7}.Release|Any CPU.Build.0 = Release|Any CPU
		{A9D84932-FF8B-4753-891C-0C74F24AAA4F}.Debug|Any CPU.ActiveCfg = Debug|Any CPU
		{A9D84932-FF8B-4753-891C-0C74F24AAA4F}.Debug|Any CPU.Build.0 = Debug|Any CPU
		{A9D84932-FF8B-4753-891C-0C74F24AAA4F}.Release|Any CPU.ActiveCfg = Release|Any CPU
		{A9D84932-FF8B-4753-891C-0C74F24AAA4F}.Release|Any CPU.Build.0 = Release|Any CPU
		{68271D89-BFF7-4BDF-8FED-4413C2446D11}.Debug|Any CPU.ActiveCfg = Debug|Any CPU
		{68271D89-BFF7-4BDF-8FED-4413C2446D11}.Debug|Any CPU.Build.0 = Debug|Any CPU
		{68271D89-BFF7-4BDF-8FED-4413C2446D11}.Release|Any CPU.ActiveCfg = Release|Any CPU
		{68271D89-BFF7-4BDF-8FED-4413C2446D11}.Release|Any CPU.Build.0 = Release|Any CPU
		{85E22B82-A72B-42BA-935F-EAC01AE70E23}.Debug|Any CPU.ActiveCfg = Debug|Any CPU
		{85E22B82-A72B-42BA-935F-EAC01AE70E23}.Debug|Any CPU.Build.0 = Debug|Any CPU
		{85E22B82-A72B-42BA-935F-EAC01AE70E23}.Release|Any CPU.ActiveCfg = Release|Any CPU
		{85E22B82-A72B-42BA-935F-EAC01AE70E23}.Release|Any CPU.Build.0 = Release|Any CPU
		{CA2F1511-8221-4D96-A220-C02A38C8ED98}.Debug|Any CPU.ActiveCfg = Debug|Any CPU
		{CA2F1511-8221-4D96-A220-C02A38C8ED98}.Debug|Any CPU.Build.0 = Debug|Any CPU
		{CA2F1511-8221-4D96-A220-C02A38C8ED98}.Release|Any CPU.ActiveCfg = Release|Any CPU
		{CA2F1511-8221-4D96-A220-C02A38C8ED98}.Release|Any CPU.Build.0 = Release|Any CPU
		{DC618002-30DB-4ADC-914D-30EE14C21902}.Debug|Any CPU.ActiveCfg = Debug|Any CPU
		{DC618002-30DB-4ADC-914D-30EE14C21902}.Debug|Any CPU.Build.0 = Debug|Any CPU
		{DC618002-30DB-4ADC-914D-30EE14C21902}.Release|Any CPU.ActiveCfg = Release|Any CPU
		{DC618002-30DB-4ADC-914D-30EE14C21902}.Release|Any CPU.Build.0 = Release|Any CPU
		{47E1D64F-F983-42FA-A7A8-033C5EBC6ED2}.Debug|Any CPU.ActiveCfg = Debug|Any CPU
		{47E1D64F-F983-42FA-A7A8-033C5EBC6ED2}.Debug|Any CPU.Build.0 = Debug|Any CPU
		{47E1D64F-F983-42FA-A7A8-033C5EBC6ED2}.Release|Any CPU.ActiveCfg = Release|Any CPU
		{47E1D64F-F983-42FA-A7A8-033C5EBC6ED2}.Release|Any CPU.Build.0 = Release|Any CPU
		{5928EFD5-53FC-4C03-ACA6-6C80B5437A1D}.Debug|Any CPU.ActiveCfg = Debug|Any CPU
		{5928EFD5-53FC-4C03-ACA6-6C80B5437A1D}.Debug|Any CPU.Build.0 = Debug|Any CPU
		{5928EFD5-53FC-4C03-ACA6-6C80B5437A1D}.Release|Any CPU.ActiveCfg = Release|Any CPU
		{5928EFD5-53FC-4C03-ACA6-6C80B5437A1D}.Release|Any CPU.Build.0 = Release|Any CPU
		{ABC7F545-72DA-4A2C-8841-022AF3505946}.Debug|Any CPU.ActiveCfg = Debug|Any CPU
		{ABC7F545-72DA-4A2C-8841-022AF3505946}.Debug|Any CPU.Build.0 = Debug|Any CPU
		{ABC7F545-72DA-4A2C-8841-022AF3505946}.Release|Any CPU.ActiveCfg = Release|Any CPU
		{ABC7F545-72DA-4A2C-8841-022AF3505946}.Release|Any CPU.Build.0 = Release|Any CPU
		{0E4CAB9E-CD1C-4504-9AD5-61EEF9AC7130}.Debug|Any CPU.ActiveCfg = Debug|Any CPU
		{0E4CAB9E-CD1C-4504-9AD5-61EEF9AC7130}.Debug|Any CPU.Build.0 = Debug|Any CPU
		{0E4CAB9E-CD1C-4504-9AD5-61EEF9AC7130}.Release|Any CPU.ActiveCfg = Release|Any CPU
		{0E4CAB9E-CD1C-4504-9AD5-61EEF9AC7130}.Release|Any CPU.Build.0 = Release|Any CPU
		{F2C082DA-B30D-460F-96CB-31D77D8EA69C}.Debug|Any CPU.ActiveCfg = Debug|Any CPU
		{F2C082DA-B30D-460F-96CB-31D77D8EA69C}.Debug|Any CPU.Build.0 = Debug|Any CPU
		{F2C082DA-B30D-460F-96CB-31D77D8EA69C}.Release|Any CPU.ActiveCfg = Release|Any CPU
		{F2C082DA-B30D-460F-96CB-31D77D8EA69C}.Release|Any CPU.Build.0 = Release|Any CPU
		{B7BF6477-8EF9-442E-90E3-61BCABC25D37}.Debug|Any CPU.ActiveCfg = Debug|Any CPU
		{B7BF6477-8EF9-442E-90E3-61BCABC25D37}.Debug|Any CPU.Build.0 = Debug|Any CPU
		{B7BF6477-8EF9-442E-90E3-61BCABC25D37}.Release|Any CPU.ActiveCfg = Release|Any CPU
		{B7BF6477-8EF9-442E-90E3-61BCABC25D37}.Release|Any CPU.Build.0 = Release|Any CPU
		{A193EEDB-4396-4B4A-AC30-F85FD3FD86F6}.Debug|Any CPU.ActiveCfg = Debug|Any CPU
		{A193EEDB-4396-4B4A-AC30-F85FD3FD86F6}.Debug|Any CPU.Build.0 = Debug|Any CPU
		{A193EEDB-4396-4B4A-AC30-F85FD3FD86F6}.Release|Any CPU.ActiveCfg = Release|Any CPU
		{A193EEDB-4396-4B4A-AC30-F85FD3FD86F6}.Release|Any CPU.Build.0 = Release|Any CPU
		{D00FEECD-E273-4F26-8CC2-9264A3B253E6}.Debug|Any CPU.ActiveCfg = Debug|Any CPU
		{D00FEECD-E273-4F26-8CC2-9264A3B253E6}.Debug|Any CPU.Build.0 = Debug|Any CPU
		{D00FEECD-E273-4F26-8CC2-9264A3B253E6}.Release|Any CPU.ActiveCfg = Release|Any CPU
		{D00FEECD-E273-4F26-8CC2-9264A3B253E6}.Release|Any CPU.Build.0 = Release|Any CPU
	EndGlobalSection
	GlobalSection(SolutionProperties) = preSolution
		HideSolutionNode = FALSE
	EndGlobalSection
	GlobalSection(NestedProjects) = preSolution
		{0288F911-88F6-4DC3-ABC3-67A6DC833854} = {5C36FC28-434B-4AE3-8DFF-31129CF4CD58}
		{108D3FBE-85AD-4187-A17B-B66943CC9AA7} = {5C36FC28-434B-4AE3-8DFF-31129CF4CD58}
		{A9D84932-FF8B-4753-891C-0C74F24AAA4F} = {5C36FC28-434B-4AE3-8DFF-31129CF4CD58}
		{68271D89-BFF7-4BDF-8FED-4413C2446D11} = {3535A503-24E1-4B57-851A-B00C38199C17}
		{85E22B82-A72B-42BA-935F-EAC01AE70E23} = {3535A503-24E1-4B57-851A-B00C38199C17}
		{CA2F1511-8221-4D96-A220-C02A38C8ED98} = {3535A503-24E1-4B57-851A-B00C38199C17}
		{DC618002-30DB-4ADC-914D-30EE14C21902} = {FB078F5E-5D1D-4A53-B084-96F4A29A8164}
		{47E1D64F-F983-42FA-A7A8-033C5EBC6ED2} = {FB078F5E-5D1D-4A53-B084-96F4A29A8164}
		{5928EFD5-53FC-4C03-ACA6-6C80B5437A1D} = {FB078F5E-5D1D-4A53-B084-96F4A29A8164}
		{ABC7F545-72DA-4A2C-8841-022AF3505946} = {89C14636-0D3B-4520-B227-CFB5A8CB6B1A}
		{0E4CAB9E-CD1C-4504-9AD5-61EEF9AC7130} = {89C14636-0D3B-4520-B227-CFB5A8CB6B1A}
		{F2C082DA-B30D-460F-96CB-31D77D8EA69C} = {89C14636-0D3B-4520-B227-CFB5A8CB6B1A}
		{B7BF6477-8EF9-442E-90E3-61BCABC25D37} = {4F529ECE-D9EE-49B3-95EC-1370A1143AA9}
		{A193EEDB-4396-4B4A-AC30-F85FD3FD86F6} = {4F529ECE-D9EE-49B3-95EC-1370A1143AA9}
		{D00FEECD-E273-4F26-8CC2-9264A3B253E6} = {4F529ECE-D9EE-49B3-95EC-1370A1143AA9}
	EndGlobalSection
	GlobalSection(ExtensibilityGlobals) = postSolution
		SolutionGuid = {1344D0B5-9EBD-4CF9-8101-EAF6631586B2}
	EndGlobalSection
EndGlobal
