
Microsoft Visual Studio Solution File, Format Version 12.00
# Visual Studio Version 17
VisualStudioVersion = 17.3.32929.385
MinimumVisualStudioVersion = 10.0.40219.1
Project("{9A19103F-16F7-4668-BE54-9A1E7A4F7556}") = "1CountCharsInAString", "CountCharsInAString\1CountCharsInAString.csproj", "{8A7FD96B-2D5C-4373-8615-835668288114}"
EndProject
Project("{9A19103F-16F7-4668-BE54-9A1E7A4F7556}") = "2AMinerTask", "2AMinerTask\2AMinerTask.csproj", "{C1477B36-CEC7-4544-95AD-DD3DF97F2A1E}"
EndProject
Project("{9A19103F-16F7-4668-BE54-9A1E7A4F7556}") = "3Orders", "3Orders\3Orders.csproj", "{9BD6B7F5-353A-42C3-BE69-5AB9739EAC17}"
EndProject
Project("{9A19103F-16F7-4668-BE54-9A1E7A4F7556}") = "4SoftUniParking", "4SoftUniParking\4SoftUniParking.csproj", "{E6A2FE0F-FA1D-452E-9669-8183253F86EF}"
EndProject
Project("{FAE04EC0-301F-11D3-BF4B-00C04F79EFBC}") = "5Courses", "5Courses\5Courses.csproj", "{180099B8-89A3-4E8E-8263-FA908C2624D3}"
EndProject
Project("{FAE04EC0-301F-11D3-BF4B-00C04F79EFBC}") = "6StudentAcademy", "6StudentAcademy\6StudentAcademy.csproj", "{DD5955A9-3717-404E-A995-516361AEF06D}"
EndProject
Project("{FAE04EC0-301F-11D3-BF4B-00C04F79EFBC}") = "7CompanyUsers", "7CompanyUsers\7CompanyUsers.csproj", "{5089BD49-62CA-4E9C-ADC4-D70741D7E39D}"
EndProject
Global
	GlobalSection(SolutionConfigurationPlatforms) = preSolution
		Debug|Any CPU = Debug|Any CPU
		Release|Any CPU = Release|Any CPU
	EndGlobalSection
	GlobalSection(ProjectConfigurationPlatforms) = postSolution
		{8A7FD96B-2D5C-4373-8615-835668288114}.Debug|Any CPU.ActiveCfg = Debug|Any CPU
		{8A7FD96B-2D5C-4373-8615-835668288114}.Debug|Any CPU.Build.0 = Debug|Any CPU
		{8A7FD96B-2D5C-4373-8615-835668288114}.Release|Any CPU.ActiveCfg = Release|Any CPU
		{8A7FD96B-2D5C-4373-8615-835668288114}.Release|Any CPU.Build.0 = Release|Any CPU
		{C1477B36-CEC7-4544-95AD-DD3DF97F2A1E}.Debug|Any CPU.ActiveCfg = Debug|Any CPU
		{C1477B36-CEC7-4544-95AD-DD3DF97F2A1E}.Debug|Any CPU.Build.0 = Debug|Any CPU
		{C1477B36-CEC7-4544-95AD-DD3DF97F2A1E}.Release|Any CPU.ActiveCfg = Release|Any CPU
		{C1477B36-CEC7-4544-95AD-DD3DF97F2A1E}.Release|Any CPU.Build.0 = Release|Any CPU
		{9BD6B7F5-353A-42C3-BE69-5AB9739EAC17}.Debug|Any CPU.ActiveCfg = Debug|Any CPU
		{9BD6B7F5-353A-42C3-BE69-5AB9739EAC17}.Debug|Any CPU.Build.0 = Debug|Any CPU
		{9BD6B7F5-353A-42C3-BE69-5AB9739EAC17}.Release|Any CPU.ActiveCfg = Release|Any CPU
		{9BD6B7F5-353A-42C3-BE69-5AB9739EAC17}.Release|Any CPU.Build.0 = Release|Any CPU
		{E6A2FE0F-FA1D-452E-9669-8183253F86EF}.Debug|Any CPU.ActiveCfg = Debug|Any CPU
		{E6A2FE0F-FA1D-452E-9669-8183253F86EF}.Debug|Any CPU.Build.0 = Debug|Any CPU
		{E6A2FE0F-FA1D-452E-9669-8183253F86EF}.Release|Any CPU.ActiveCfg = Release|Any CPU
		{E6A2FE0F-FA1D-452E-9669-8183253F86EF}.Release|Any CPU.Build.0 = Release|Any CPU
		{180099B8-89A3-4E8E-8263-FA908C2624D3}.Debug|Any CPU.ActiveCfg = Debug|Any CPU
		{180099B8-89A3-4E8E-8263-FA908C2624D3}.Debug|Any CPU.Build.0 = Debug|Any CPU
		{180099B8-89A3-4E8E-8263-FA908C2624D3}.Release|Any CPU.ActiveCfg = Release|Any CPU
		{180099B8-89A3-4E8E-8263-FA908C2624D3}.Release|Any CPU.Build.0 = Release|Any CPU
		{DD5955A9-3717-404E-A995-516361AEF06D}.Debug|Any CPU.ActiveCfg = Debug|Any CPU
		{DD5955A9-3717-404E-A995-516361AEF06D}.Debug|Any CPU.Build.0 = Debug|Any CPU
		{DD5955A9-3717-404E-A995-516361AEF06D}.Release|Any CPU.ActiveCfg = Release|Any CPU
		{DD5955A9-3717-404E-A995-516361AEF06D}.Release|Any CPU.Build.0 = Release|Any CPU
		{5089BD49-62CA-4E9C-ADC4-D70741D7E39D}.Debug|Any CPU.ActiveCfg = Debug|Any CPU
		{5089BD49-62CA-4E9C-ADC4-D70741D7E39D}.Debug|Any CPU.Build.0 = Debug|Any CPU
		{5089BD49-62CA-4E9C-ADC4-D70741D7E39D}.Release|Any CPU.ActiveCfg = Release|Any CPU
		{5089BD49-62CA-4E9C-ADC4-D70741D7E39D}.Release|Any CPU.Build.0 = Release|Any CPU
	EndGlobalSection
	GlobalSection(SolutionProperties) = preSolution
		HideSolutionNode = FALSE
	EndGlobalSection
	GlobalSection(ExtensibilityGlobals) = postSolution
		SolutionGuid = {2B5C2042-085F-49D0-8B9E-EC5E3FFA721E}
	EndGlobalSection
EndGlobal
