
Microsoft Visual Studio Solution File, Format Version 12.00
# Visual Studio Version 17
VisualStudioVersion = 17.3.32922.545
MinimumVisualStudioVersion = 10.0.40219.1
Project("{9A19103F-16F7-4668-BE54-9A1E7A4F7556}") = "1SmallestOfThreeNumbers", "SmallestOfThreeNumbers\1SmallestOfThreeNumbers.csproj", "{7D71D429-A004-492B-8FBA-0E34AC167931}"
EndProject
Project("{9A19103F-16F7-4668-BE54-9A1E7A4F7556}") = "2VowelsCount", "2VowelsCount\2VowelsCount.csproj", "{156A98E4-8661-4400-B49B-BEF8FD5CF9BB}"
EndProject
Project("{FAE04EC0-301F-11D3-BF4B-00C04F79EFBC}") = "3CharactersInRange", "3CharactersInRange\3CharactersInRange.csproj", "{3C15ED57-75D6-41A5-8C41-44BE224F1DE5}"
EndProject
Project("{FAE04EC0-301F-11D3-BF4B-00C04F79EFBC}") = "4PasswordValidator", "4PasswordValidator\4PasswordValidator.csproj", "{09D22B52-1DBB-4686-A4BB-BE10C2B2695A}"
EndProject
Project("{FAE04EC0-301F-11D3-BF4B-00C04F79EFBC}") = "5AddAndSubtract", "5AddAndSubtract\5AddAndSubtract.csproj", "{0AAABB04-1A77-4EC1-BDA0-4F66C482DA2E}"
EndProject
Project("{FAE04EC0-301F-11D3-BF4B-00C04F79EFBC}") = "6MiddleCharacters", "6MiddleCharacters\6MiddleCharacters.csproj", "{DCEE5BBA-D90D-4D6C-BD67-C3F4C767CF1E}"
EndProject
Project("{FAE04EC0-301F-11D3-BF4B-00C04F79EFBC}") = "7NxNMatrix", "7NxNMatrix\7NxNMatrix.csproj", "{8D2E3806-13E7-4FD9-81AF-8032949253F6}"
EndProject
Project("{FAE04EC0-301F-11D3-BF4B-00C04F79EFBC}") = "8FactorialDivision", "8FactorialDivision\8FactorialDivision.csproj", "{41DB9797-8C7C-43A9-BE9B-9753AE8A786A}"
EndProject
Project("{FAE04EC0-301F-11D3-BF4B-00C04F79EFBC}") = "9PalindromeIntegers", "9PalindromeIntegers\9PalindromeIntegers.csproj", "{EAD86E80-8F0A-4B31-AB24-CC4E455ACBD5}"
EndProject
Project("{FAE04EC0-301F-11D3-BF4B-00C04F79EFBC}") = "10TopNumber", "10TopNumber\10TopNumber.csproj", "{9FCFECFE-18FB-4F40-8CAA-E4DB478A1B23}"
EndProject
Global
	GlobalSection(SolutionConfigurationPlatforms) = preSolution
		Debug|Any CPU = Debug|Any CPU
		Release|Any CPU = Release|Any CPU
	EndGlobalSection
	GlobalSection(ProjectConfigurationPlatforms) = postSolution
		{7D71D429-A004-492B-8FBA-0E34AC167931}.Debug|Any CPU.ActiveCfg = Debug|Any CPU
		{7D71D429-A004-492B-8FBA-0E34AC167931}.Debug|Any CPU.Build.0 = Debug|Any CPU
		{7D71D429-A004-492B-8FBA-0E34AC167931}.Release|Any CPU.ActiveCfg = Release|Any CPU
		{7D71D429-A004-492B-8FBA-0E34AC167931}.Release|Any CPU.Build.0 = Release|Any CPU
		{156A98E4-8661-4400-B49B-BEF8FD5CF9BB}.Debug|Any CPU.ActiveCfg = Debug|Any CPU
		{156A98E4-8661-4400-B49B-BEF8FD5CF9BB}.Debug|Any CPU.Build.0 = Debug|Any CPU
		{156A98E4-8661-4400-B49B-BEF8FD5CF9BB}.Release|Any CPU.ActiveCfg = Release|Any CPU
		{156A98E4-8661-4400-B49B-BEF8FD5CF9BB}.Release|Any CPU.Build.0 = Release|Any CPU
		{3C15ED57-75D6-41A5-8C41-44BE224F1DE5}.Debug|Any CPU.ActiveCfg = Debug|Any CPU
		{3C15ED57-75D6-41A5-8C41-44BE224F1DE5}.Debug|Any CPU.Build.0 = Debug|Any CPU
		{3C15ED57-75D6-41A5-8C41-44BE224F1DE5}.Release|Any CPU.ActiveCfg = Release|Any CPU
		{3C15ED57-75D6-41A5-8C41-44BE224F1DE5}.Release|Any CPU.Build.0 = Release|Any CPU
		{09D22B52-1DBB-4686-A4BB-BE10C2B2695A}.Debug|Any CPU.ActiveCfg = Debug|Any CPU
		{09D22B52-1DBB-4686-A4BB-BE10C2B2695A}.Debug|Any CPU.Build.0 = Debug|Any CPU
		{09D22B52-1DBB-4686-A4BB-BE10C2B2695A}.Release|Any CPU.ActiveCfg = Release|Any CPU
		{09D22B52-1DBB-4686-A4BB-BE10C2B2695A}.Release|Any CPU.Build.0 = Release|Any CPU
		{0AAABB04-1A77-4EC1-BDA0-4F66C482DA2E}.Debug|Any CPU.ActiveCfg = Debug|Any CPU
		{0AAABB04-1A77-4EC1-BDA0-4F66C482DA2E}.Debug|Any CPU.Build.0 = Debug|Any CPU
		{0AAABB04-1A77-4EC1-BDA0-4F66C482DA2E}.Release|Any CPU.ActiveCfg = Release|Any CPU
		{0AAABB04-1A77-4EC1-BDA0-4F66C482DA2E}.Release|Any CPU.Build.0 = Release|Any CPU
		{DCEE5BBA-D90D-4D6C-BD67-C3F4C767CF1E}.Debug|Any CPU.ActiveCfg = Debug|Any CPU
		{DCEE5BBA-D90D-4D6C-BD67-C3F4C767CF1E}.Debug|Any CPU.Build.0 = Debug|Any CPU
		{DCEE5BBA-D90D-4D6C-BD67-C3F4C767CF1E}.Release|Any CPU.ActiveCfg = Release|Any CPU
		{DCEE5BBA-D90D-4D6C-BD67-C3F4C767CF1E}.Release|Any CPU.Build.0 = Release|Any CPU
		{8D2E3806-13E7-4FD9-81AF-8032949253F6}.Debug|Any CPU.ActiveCfg = Debug|Any CPU
		{8D2E3806-13E7-4FD9-81AF-8032949253F6}.Debug|Any CPU.Build.0 = Debug|Any CPU
		{8D2E3806-13E7-4FD9-81AF-8032949253F6}.Release|Any CPU.ActiveCfg = Release|Any CPU
		{8D2E3806-13E7-4FD9-81AF-8032949253F6}.Release|Any CPU.Build.0 = Release|Any CPU
		{41DB9797-8C7C-43A9-BE9B-9753AE8A786A}.Debug|Any CPU.ActiveCfg = Debug|Any CPU
		{41DB9797-8C7C-43A9-BE9B-9753AE8A786A}.Debug|Any CPU.Build.0 = Debug|Any CPU
		{41DB9797-8C7C-43A9-BE9B-9753AE8A786A}.Release|Any CPU.ActiveCfg = Release|Any CPU
		{41DB9797-8C7C-43A9-BE9B-9753AE8A786A}.Release|Any CPU.Build.0 = Release|Any CPU
		{EAD86E80-8F0A-4B31-AB24-CC4E455ACBD5}.Debug|Any CPU.ActiveCfg = Debug|Any CPU
		{EAD86E80-8F0A-4B31-AB24-CC4E455ACBD5}.Debug|Any CPU.Build.0 = Debug|Any CPU
		{EAD86E80-8F0A-4B31-AB24-CC4E455ACBD5}.Release|Any CPU.ActiveCfg = Release|Any CPU
		{EAD86E80-8F0A-4B31-AB24-CC4E455ACBD5}.Release|Any CPU.Build.0 = Release|Any CPU
		{9FCFECFE-18FB-4F40-8CAA-E4DB478A1B23}.Debug|Any CPU.ActiveCfg = Debug|Any CPU
		{9FCFECFE-18FB-4F40-8CAA-E4DB478A1B23}.Debug|Any CPU.Build.0 = Debug|Any CPU
		{9FCFECFE-18FB-4F40-8CAA-E4DB478A1B23}.Release|Any CPU.ActiveCfg = Release|Any CPU
		{9FCFECFE-18FB-4F40-8CAA-E4DB478A1B23}.Release|Any CPU.Build.0 = Release|Any CPU
	EndGlobalSection
	GlobalSection(SolutionProperties) = preSolution
		HideSolutionNode = FALSE
	EndGlobalSection
	GlobalSection(ExtensibilityGlobals) = postSolution
		SolutionGuid = {F2060AAD-D50B-462E-AECB-10D6332AEBE7}
	EndGlobalSection
EndGlobal
