
Microsoft Visual Studio Solution File, Format Version 12.00
# Visual Studio Version 17
VisualStudioVersion = 17.7.34024.191
MinimumVisualStudioVersion = 10.0.40219.1
Project("{FAE04EC0-301F-11D3-BF4B-00C04F79EFBC}") = "EntityFrameworkCore", "EntityFrameworkCore\EntityFrameworkCore.csproj", "{3B008007-8E98-4E7B-9E39-8A24F6726E2E}"
EndProject
Global
	GlobalSection(SolutionConfigurationPlatforms) = preSolution
		Debug|Any CPU = Debug|Any CPU
		Release|Any CPU = Release|Any CPU
	EndGlobalSection
	GlobalSection(ProjectConfigurationPlatforms) = postSolution
		{3B008007-8E98-4E7B-9E39-8A24F6726E2E}.Debug|Any CPU.ActiveCfg = Debug|Any CPU
		{3B008007-8E98-4E7B-9E39-8A24F6726E2E}.Debug|Any CPU.Build.0 = Debug|Any CPU
		{3B008007-8E98-4E7B-9E39-8A24F6726E2E}.Release|Any CPU.ActiveCfg = Release|Any CPU
		{3B008007-8E98-4E7B-9E39-8A24F6726E2E}.Release|Any CPU.Build.0 = Release|Any CPU
	EndGlobalSection
	GlobalSection(SolutionProperties) = preSolution
		HideSolutionNode = FALSE
	EndGlobalSection
	GlobalSection(ExtensibilityGlobals) = postSolution
		SolutionGuid = {95846CA4-922C-44A7-B1B8-5B7E8437C0D2}
	EndGlobalSection
EndGlobal
