
Microsoft Visual Studio Solution File, Format Version 12.00
# Visual Studio Version 17
VisualStudioVersion = 17.0.31912.275
MinimumVisualStudioVersion = 10.0.40219.1
Project("{FAE04EC0-301F-11D3-BF4B-00C04F79EFBC}") = "StudentInformation", "Testing\StudentInformation.csproj", "{5607FD33-BBCF-429B-B882-76BAEE8FD0D4}"
EndProject
Global
	GlobalSection(SolutionConfigurationPlatforms) = preSolution
		Debug|Any CPU = Debug|Any CPU
		Release|Any CPU = Release|Any CPU
	EndGlobalSection
	GlobalSection(ProjectConfigurationPlatforms) = postSolution
		{5607FD33-BBCF-429B-B882-76BAEE8FD0D4}.Debug|Any CPU.ActiveCfg = Debug|Any CPU
		{5607FD33-BBCF-429B-B882-76BAEE8FD0D4}.Debug|Any CPU.Build.0 = Debug|Any CPU
		{5607FD33-BBCF-429B-B882-76BAEE8FD0D4}.Release|Any CPU.ActiveCfg = Release|Any CPU
		{5607FD33-BBCF-429B-B882-76BAEE8FD0D4}.Release|Any CPU.Build.0 = Release|Any CPU
	EndGlobalSection
	GlobalSection(SolutionProperties) = preSolution
		HideSolutionNode = FALSE
	EndGlobalSection
	GlobalSection(ExtensibilityGlobals) = postSolution
		SolutionGuid = {D5D57A52-2338-439A-9C28-E1545EB27EF7}
	EndGlobalSection
EndGlobal
